
Microsoft Visual Studio Solution File, Format Version 12.00
# Visual Studio 15
VisualStudioVersion = 15.0.28307.168
MinimumVisualStudioVersion = 10.0.40219.1
Project("{888888A0-9F3D-457C-B088-3A5042F75D52}") = "Space_Escape", "Space_Escape.pyproj", "{7A93D4FC-F9E2-410E-8832-782110E61ED9}"
EndProject
Global
	GlobalSection(SolutionConfigurationPlatforms) = preSolution
		Debug|Any CPU = Debug|Any CPU
		Release|Any CPU = Release|Any CPU
	EndGlobalSection
	GlobalSection(ProjectConfigurationPlatforms) = postSolution
		{7A93D4FC-F9E2-410E-8832-782110E61ED9}.Debug|Any CPU.ActiveCfg = Debug|Any CPU
		{7A93D4FC-F9E2-410E-8832-782110E61ED9}.Release|Any CPU.ActiveCfg = Release|Any CPU
	EndGlobalSection
	GlobalSection(SolutionProperties) = preSolution
		HideSolutionNode = FALSE
	EndGlobalSection
	GlobalSection(ExtensibilityGlobals) = postSolution
		SolutionGuid = {2DA4E263-BE76-409F-9441-37DBB0508055}
	EndGlobalSection
EndGlobal
